
Microsoft Visual Studio Solution File, Format Version 12.00
# Visual Studio Version 17
VisualStudioVersion = 17.8.34330.188
MinimumVisualStudioVersion = 10.0.40219.1
Project("{FAE04EC0-301F-11D3-BF4B-00C04F79EFBC}") = "Admission_Committee", "Admission_Committee.csproj", "{AB01B93F-2B8D-43E5-A1F5-A59879894C07}"
EndProject
Project("{FAE04EC0-301F-11D3-BF4B-00C04F79EFBC}") = "Framework.Contracts", "Framework.Contracts\Framework.Contracts.csproj", "{FF90AC77-2796-4ECD-8568-253357E42ED1}"
EndProject
Project("{FAE04EC0-301F-11D3-BF4B-00C04F79EFBC}") = "Framework.Manager", "Framework.Manager\Framework.Manager.csproj", "{21C85A0A-37C9-4422-9D0B-8230900E292E}"
EndProject
Project("{FAE04EC0-301F-11D3-BF4B-00C04F79EFBC}") = "Storage.Memory", "Storege.Memory\Storage.Memory.csproj", "{7F863252-CCD0-4D2A-9193-4D644DC26175}"
EndProject
Global
	GlobalSection(SolutionConfigurationPlatforms) = preSolution
		Debug|Any CPU = Debug|Any CPU
		Release|Any CPU = Release|Any CPU
	EndGlobalSection
	GlobalSection(ProjectConfigurationPlatforms) = postSolution
		{AB01B93F-2B8D-43E5-A1F5-A59879894C07}.Debug|Any CPU.ActiveCfg = Debug|Any CPU
		{AB01B93F-2B8D-43E5-A1F5-A59879894C07}.Debug|Any CPU.Build.0 = Debug|Any CPU
		{AB01B93F-2B8D-43E5-A1F5-A59879894C07}.Release|Any CPU.ActiveCfg = Release|Any CPU
		{AB01B93F-2B8D-43E5-A1F5-A59879894C07}.Release|Any CPU.Build.0 = Release|Any CPU
		{FF90AC77-2796-4ECD-8568-253357E42ED1}.Debug|Any CPU.ActiveCfg = Debug|Any CPU
		{FF90AC77-2796-4ECD-8568-253357E42ED1}.Debug|Any CPU.Build.0 = Debug|Any CPU
		{FF90AC77-2796-4ECD-8568-253357E42ED1}.Release|Any CPU.ActiveCfg = Release|Any CPU
		{FF90AC77-2796-4ECD-8568-253357E42ED1}.Release|Any CPU.Build.0 = Release|Any CPU
		{21C85A0A-37C9-4422-9D0B-8230900E292E}.Debug|Any CPU.ActiveCfg = Debug|Any CPU
		{21C85A0A-37C9-4422-9D0B-8230900E292E}.Debug|Any CPU.Build.0 = Debug|Any CPU
		{21C85A0A-37C9-4422-9D0B-8230900E292E}.Release|Any CPU.ActiveCfg = Release|Any CPU
		{21C85A0A-37C9-4422-9D0B-8230900E292E}.Release|Any CPU.Build.0 = Release|Any CPU
		{7F863252-CCD0-4D2A-9193-4D644DC26175}.Debug|Any CPU.ActiveCfg = Debug|Any CPU
		{7F863252-CCD0-4D2A-9193-4D644DC26175}.Debug|Any CPU.Build.0 = Debug|Any CPU
		{7F863252-CCD0-4D2A-9193-4D644DC26175}.Release|Any CPU.ActiveCfg = Release|Any CPU
		{7F863252-CCD0-4D2A-9193-4D644DC26175}.Release|Any CPU.Build.0 = Release|Any CPU
	EndGlobalSection
	GlobalSection(SolutionProperties) = preSolution
		HideSolutionNode = FALSE
	EndGlobalSection
	GlobalSection(ExtensibilityGlobals) = postSolution
		SolutionGuid = {45AEA945-AF7F-492A-B83A-4A679F33DDA2}
	EndGlobalSection
EndGlobal
